
Microsoft Visual Studio Solution File, Format Version 12.00
# Visual Studio Version 17
VisualStudioVersion = 17.4.33205.214
MinimumVisualStudioVersion = 10.0.40219.1
Project("{9A19103F-16F7-4668-BE54-9A1E7A4F7556}") = "Projeto01_ComandoIf", "Projeto01_ComandoIf\Projeto01_ComandoIf.csproj", "{428E8C5D-1DB2-4213-ACCA-1A07760F6749}"
EndProject
Project("{FAE04EC0-301F-11D3-BF4B-00C04F79EFBC}") = "Projeto02_SwitchCase", "Projeto02_SwitchCase\Projeto02_SwitchCase.csproj", "{D328AC69-1F64-4606-941B-673B95ED2AB5}"
EndProject
Global
	GlobalSection(SolutionConfigurationPlatforms) = preSolution
		Debug|Any CPU = Debug|Any CPU
		Release|Any CPU = Release|Any CPU
	EndGlobalSection
	GlobalSection(ProjectConfigurationPlatforms) = postSolution
		{428E8C5D-1DB2-4213-ACCA-1A07760F6749}.Debug|Any CPU.ActiveCfg = Debug|Any CPU
		{428E8C5D-1DB2-4213-ACCA-1A07760F6749}.Debug|Any CPU.Build.0 = Debug|Any CPU
		{428E8C5D-1DB2-4213-ACCA-1A07760F6749}.Release|Any CPU.ActiveCfg = Release|Any CPU
		{428E8C5D-1DB2-4213-ACCA-1A07760F6749}.Release|Any CPU.Build.0 = Release|Any CPU
		{D328AC69-1F64-4606-941B-673B95ED2AB5}.Debug|Any CPU.ActiveCfg = Debug|Any CPU
		{D328AC69-1F64-4606-941B-673B95ED2AB5}.Debug|Any CPU.Build.0 = Debug|Any CPU
		{D328AC69-1F64-4606-941B-673B95ED2AB5}.Release|Any CPU.ActiveCfg = Release|Any CPU
		{D328AC69-1F64-4606-941B-673B95ED2AB5}.Release|Any CPU.Build.0 = Release|Any CPU
	EndGlobalSection
	GlobalSection(SolutionProperties) = preSolution
		HideSolutionNode = FALSE
	EndGlobalSection
	GlobalSection(ExtensibilityGlobals) = postSolution
		SolutionGuid = {DD88865A-7003-4A66-BD9D-0424DC010BCC}
	EndGlobalSection
EndGlobal
