
Microsoft Visual Studio Solution File, Format Version 12.00
# Visual Studio Version 17
VisualStudioVersion = 17.4.33205.214
MinimumVisualStudioVersion = 10.0.40219.1
Project("{9A19103F-16F7-4668-BE54-9A1E7A4F7556}") = "Projeto01_ComandoIf", "Projeto01_ComandoIf\Projeto01_ComandoIf.csproj", "{428E8C5D-1DB2-4213-ACCA-1A07760F6749}"
EndProject
Project("{FAE04EC0-301F-11D3-BF4B-00C04F79EFBC}") = "Projeto02_SwitchCase", "Projeto02_SwitchCase\Projeto02_SwitchCase.csproj", "{D328AC69-1F64-4606-941B-673B95ED2AB5}"
EndProject
Project("{FAE04EC0-301F-11D3-BF4B-00C04F79EFBC}") = "Projeto03_While", "Projeto03_While\Projeto03_While.csproj", "{0C82D83B-3630-4D63-AD66-2590A8AA1C48}"
EndProject
Project("{FAE04EC0-301F-11D3-BF4B-00C04F79EFBC}") = "Projeto04_DoWhile", "Projeto04_DoWhile\Projeto04_DoWhile.csproj", "{5BA2CE5E-9612-44EB-B225-351E6C98716A}"
EndProject
Project("{FAE04EC0-301F-11D3-BF4B-00C04F79EFBC}") = "Projeto05_For", "Projeto04_For\Projeto05_For.csproj", "{B910F3A7-2993-48DB-8DEF-6FBD3B63D84B}"
EndProject
Project("{FAE04EC0-301F-11D3-BF4B-00C04F79EFBC}") = "Projeto06_Foreach", "Projeto06_Foreach\Projeto06_Foreach.csproj", "{56B7DB3B-4801-403B-AA4C-C648AD275128}"
EndProject
Project("{FAE04EC0-301F-11D3-BF4B-00C04F79EFBC}") = "Exercicio01", "Exercicio01\Exercicio01.csproj", "{C7454761-AED1-4805-9F29-C55DB534C107}"
EndProject
Global
	GlobalSection(SolutionConfigurationPlatforms) = preSolution
		Debug|Any CPU = Debug|Any CPU
		Release|Any CPU = Release|Any CPU
	EndGlobalSection
	GlobalSection(ProjectConfigurationPlatforms) = postSolution
		{428E8C5D-1DB2-4213-ACCA-1A07760F6749}.Debug|Any CPU.ActiveCfg = Debug|Any CPU
		{428E8C5D-1DB2-4213-ACCA-1A07760F6749}.Debug|Any CPU.Build.0 = Debug|Any CPU
		{428E8C5D-1DB2-4213-ACCA-1A07760F6749}.Release|Any CPU.ActiveCfg = Release|Any CPU
		{428E8C5D-1DB2-4213-ACCA-1A07760F6749}.Release|Any CPU.Build.0 = Release|Any CPU
		{D328AC69-1F64-4606-941B-673B95ED2AB5}.Debug|Any CPU.ActiveCfg = Debug|Any CPU
		{D328AC69-1F64-4606-941B-673B95ED2AB5}.Debug|Any CPU.Build.0 = Debug|Any CPU
		{D328AC69-1F64-4606-941B-673B95ED2AB5}.Release|Any CPU.ActiveCfg = Release|Any CPU
		{D328AC69-1F64-4606-941B-673B95ED2AB5}.Release|Any CPU.Build.0 = Release|Any CPU
		{0C82D83B-3630-4D63-AD66-2590A8AA1C48}.Debug|Any CPU.ActiveCfg = Debug|Any CPU
		{0C82D83B-3630-4D63-AD66-2590A8AA1C48}.Debug|Any CPU.Build.0 = Debug|Any CPU
		{0C82D83B-3630-4D63-AD66-2590A8AA1C48}.Release|Any CPU.ActiveCfg = Release|Any CPU
		{0C82D83B-3630-4D63-AD66-2590A8AA1C48}.Release|Any CPU.Build.0 = Release|Any CPU
		{5BA2CE5E-9612-44EB-B225-351E6C98716A}.Debug|Any CPU.ActiveCfg = Debug|Any CPU
		{5BA2CE5E-9612-44EB-B225-351E6C98716A}.Debug|Any CPU.Build.0 = Debug|Any CPU
		{5BA2CE5E-9612-44EB-B225-351E6C98716A}.Release|Any CPU.ActiveCfg = Release|Any CPU
		{5BA2CE5E-9612-44EB-B225-351E6C98716A}.Release|Any CPU.Build.0 = Release|Any CPU
		{B910F3A7-2993-48DB-8DEF-6FBD3B63D84B}.Debug|Any CPU.ActiveCfg = Debug|Any CPU
		{B910F3A7-2993-48DB-8DEF-6FBD3B63D84B}.Debug|Any CPU.Build.0 = Debug|Any CPU
		{B910F3A7-2993-48DB-8DEF-6FBD3B63D84B}.Release|Any CPU.ActiveCfg = Release|Any CPU
		{B910F3A7-2993-48DB-8DEF-6FBD3B63D84B}.Release|Any CPU.Build.0 = Release|Any CPU
		{56B7DB3B-4801-403B-AA4C-C648AD275128}.Debug|Any CPU.ActiveCfg = Debug|Any CPU
		{56B7DB3B-4801-403B-AA4C-C648AD275128}.Debug|Any CPU.Build.0 = Debug|Any CPU
		{56B7DB3B-4801-403B-AA4C-C648AD275128}.Release|Any CPU.ActiveCfg = Release|Any CPU
		{56B7DB3B-4801-403B-AA4C-C648AD275128}.Release|Any CPU.Build.0 = Release|Any CPU
		{C7454761-AED1-4805-9F29-C55DB534C107}.Debug|Any CPU.ActiveCfg = Debug|Any CPU
		{C7454761-AED1-4805-9F29-C55DB534C107}.Debug|Any CPU.Build.0 = Debug|Any CPU
		{C7454761-AED1-4805-9F29-C55DB534C107}.Release|Any CPU.ActiveCfg = Release|Any CPU
		{C7454761-AED1-4805-9F29-C55DB534C107}.Release|Any CPU.Build.0 = Release|Any CPU
	EndGlobalSection
	GlobalSection(SolutionProperties) = preSolution
		HideSolutionNode = FALSE
	EndGlobalSection
	GlobalSection(ExtensibilityGlobals) = postSolution
		SolutionGuid = {DD88865A-7003-4A66-BD9D-0424DC010BCC}
	EndGlobalSection
EndGlobal
