
Microsoft Visual Studio Solution File, Format Version 12.00
# Visual Studio Version 17
VisualStudioVersion = 17.4.33213.308
MinimumVisualStudioVersion = 10.0.40219.1
Project("{9A19103F-16F7-4668-BE54-9A1E7A4F7556}") = "Projeto01_Heranca", "Projeto01_Heranca\Projeto01_Heranca.csproj", "{A0BD2B34-BB8C-4C5B-9D1A-ADDD9D8392E3}"
EndProject
Project("{9A19103F-16F7-4668-BE54-9A1E7A4F7556}") = "Projeto02_OperadorBase", "Projeto02_OperadorBase\Projeto02_OperadorBase.csproj", "{9ACF250B-16FC-47C0-9805-409B03963D02}"
EndProject
Project("{9A19103F-16F7-4668-BE54-9A1E7A4F7556}") = "Projeto03_Polimorfismo", "Projeto03_Polimorfismo\Projeto03_Polimorfismo.csproj", "{AFD23D77-BF7D-460B-9F4F-37D97A5A416E}"
EndProject
Project("{9A19103F-16F7-4668-BE54-9A1E7A4F7556}") = "Projeto04_ClassesAbstratas", "Projeto04_ClassesAbstratas\Projeto04_ClassesAbstratas.csproj", "{ECDB85FA-9ED2-418F-8C13-5B7166D1D9DF}"
EndProject
Project("{FAE04EC0-301F-11D3-BF4B-00C04F79EFBC}") = "Projeto05_ClassesSealed", "Projeto05_ClassesSealed\Projeto05_ClassesSealed.csproj", "{2566029E-F0EC-469B-B17B-4DD078C5B04F}"
EndProject
Project("{FAE04EC0-301F-11D3-BF4B-00C04F79EFBC}") = "Projeto06_ClassesEstaticas", "Projeto06_ClassesEstaticas\Projeto06_ClassesEstaticas.csproj", "{66782F25-8715-4A9A-B716-CF7C98CB5308}"
EndProject
Global
	GlobalSection(SolutionConfigurationPlatforms) = preSolution
		Debug|Any CPU = Debug|Any CPU
		Release|Any CPU = Release|Any CPU
	EndGlobalSection
	GlobalSection(ProjectConfigurationPlatforms) = postSolution
		{A0BD2B34-BB8C-4C5B-9D1A-ADDD9D8392E3}.Debug|Any CPU.ActiveCfg = Debug|Any CPU
		{A0BD2B34-BB8C-4C5B-9D1A-ADDD9D8392E3}.Debug|Any CPU.Build.0 = Debug|Any CPU
		{A0BD2B34-BB8C-4C5B-9D1A-ADDD9D8392E3}.Release|Any CPU.ActiveCfg = Release|Any CPU
		{A0BD2B34-BB8C-4C5B-9D1A-ADDD9D8392E3}.Release|Any CPU.Build.0 = Release|Any CPU
		{9ACF250B-16FC-47C0-9805-409B03963D02}.Debug|Any CPU.ActiveCfg = Debug|Any CPU
		{9ACF250B-16FC-47C0-9805-409B03963D02}.Debug|Any CPU.Build.0 = Debug|Any CPU
		{9ACF250B-16FC-47C0-9805-409B03963D02}.Release|Any CPU.ActiveCfg = Release|Any CPU
		{9ACF250B-16FC-47C0-9805-409B03963D02}.Release|Any CPU.Build.0 = Release|Any CPU
		{AFD23D77-BF7D-460B-9F4F-37D97A5A416E}.Debug|Any CPU.ActiveCfg = Debug|Any CPU
		{AFD23D77-BF7D-460B-9F4F-37D97A5A416E}.Debug|Any CPU.Build.0 = Debug|Any CPU
		{AFD23D77-BF7D-460B-9F4F-37D97A5A416E}.Release|Any CPU.ActiveCfg = Release|Any CPU
		{AFD23D77-BF7D-460B-9F4F-37D97A5A416E}.Release|Any CPU.Build.0 = Release|Any CPU
		{ECDB85FA-9ED2-418F-8C13-5B7166D1D9DF}.Debug|Any CPU.ActiveCfg = Debug|Any CPU
		{ECDB85FA-9ED2-418F-8C13-5B7166D1D9DF}.Debug|Any CPU.Build.0 = Debug|Any CPU
		{ECDB85FA-9ED2-418F-8C13-5B7166D1D9DF}.Release|Any CPU.ActiveCfg = Release|Any CPU
		{ECDB85FA-9ED2-418F-8C13-5B7166D1D9DF}.Release|Any CPU.Build.0 = Release|Any CPU
		{2566029E-F0EC-469B-B17B-4DD078C5B04F}.Debug|Any CPU.ActiveCfg = Debug|Any CPU
		{2566029E-F0EC-469B-B17B-4DD078C5B04F}.Debug|Any CPU.Build.0 = Debug|Any CPU
		{2566029E-F0EC-469B-B17B-4DD078C5B04F}.Release|Any CPU.ActiveCfg = Release|Any CPU
		{2566029E-F0EC-469B-B17B-4DD078C5B04F}.Release|Any CPU.Build.0 = Release|Any CPU
		{66782F25-8715-4A9A-B716-CF7C98CB5308}.Debug|Any CPU.ActiveCfg = Debug|Any CPU
		{66782F25-8715-4A9A-B716-CF7C98CB5308}.Debug|Any CPU.Build.0 = Debug|Any CPU
		{66782F25-8715-4A9A-B716-CF7C98CB5308}.Release|Any CPU.ActiveCfg = Release|Any CPU
		{66782F25-8715-4A9A-B716-CF7C98CB5308}.Release|Any CPU.Build.0 = Release|Any CPU
	EndGlobalSection
	GlobalSection(SolutionProperties) = preSolution
		HideSolutionNode = FALSE
	EndGlobalSection
	GlobalSection(ExtensibilityGlobals) = postSolution
		SolutionGuid = {174F26DB-FD62-48DD-BBE4-5950B588469D}
	EndGlobalSection
EndGlobal
