
Microsoft Visual Studio Solution File, Format Version 12.00
# Visual Studio Version 17
VisualStudioVersion = 17.4.33213.308
MinimumVisualStudioVersion = 10.0.40219.1
Project("{FAE04EC0-301F-11D3-BF4B-00C04F79EFBC}") = "Projeto01_TryCatch", "Projeto01_TryCatch\Projeto01_TryCatch.csproj", "{C5BD4B93-5EBA-4388-87BB-631DF47BA56E}"
EndProject
Project("{FAE04EC0-301F-11D3-BF4B-00C04F79EFBC}") = "Projeto02_Throw", "Projeto02_Throw\Projeto02_Throw.csproj", "{A1EDCEC9-69E4-44FC-982A-49C6B49997F6}"
EndProject
Global
	GlobalSection(SolutionConfigurationPlatforms) = preSolution
		Debug|Any CPU = Debug|Any CPU
		Release|Any CPU = Release|Any CPU
	EndGlobalSection
	GlobalSection(ProjectConfigurationPlatforms) = postSolution
		{C5BD4B93-5EBA-4388-87BB-631DF47BA56E}.Debug|Any CPU.ActiveCfg = Debug|Any CPU
		{C5BD4B93-5EBA-4388-87BB-631DF47BA56E}.Debug|Any CPU.Build.0 = Debug|Any CPU
		{C5BD4B93-5EBA-4388-87BB-631DF47BA56E}.Release|Any CPU.ActiveCfg = Release|Any CPU
		{C5BD4B93-5EBA-4388-87BB-631DF47BA56E}.Release|Any CPU.Build.0 = Release|Any CPU
		{A1EDCEC9-69E4-44FC-982A-49C6B49997F6}.Debug|Any CPU.ActiveCfg = Debug|Any CPU
		{A1EDCEC9-69E4-44FC-982A-49C6B49997F6}.Debug|Any CPU.Build.0 = Debug|Any CPU
		{A1EDCEC9-69E4-44FC-982A-49C6B49997F6}.Release|Any CPU.ActiveCfg = Release|Any CPU
		{A1EDCEC9-69E4-44FC-982A-49C6B49997F6}.Release|Any CPU.Build.0 = Release|Any CPU
	EndGlobalSection
	GlobalSection(SolutionProperties) = preSolution
		HideSolutionNode = FALSE
	EndGlobalSection
	GlobalSection(ExtensibilityGlobals) = postSolution
		SolutionGuid = {F0E2065F-52BB-4511-A88C-BD7DF2B03A22}
	EndGlobalSection
EndGlobal
