
Microsoft Visual Studio Solution File, Format Version 12.00
# Visual Studio Version 17
VisualStudioVersion = 17.4.33213.308
MinimumVisualStudioVersion = 10.0.40219.1
Project("{FAE04EC0-301F-11D3-BF4B-00C04F79EFBC}") = "Projeto01_MetodosGenericos", "Projeto01_MetodosGenericos\Projeto01_MetodosGenericos.csproj", "{68C7C994-BC32-4A2C-87EA-D4BFEF138B8D}"
EndProject
Project("{FAE04EC0-301F-11D3-BF4B-00C04F79EFBC}") = "Projeto02_Sobrescrita", "Projeto02_Sobrescrita\Projeto02_Sobrescrita.csproj", "{76D6F227-A855-4080-9381-E0A4DFA1F842}"
EndProject
Project("{FAE04EC0-301F-11D3-BF4B-00C04F79EFBC}") = "Projeto03_Interfaces", "Projeto03_Interfaces\Projeto03_Interfaces.csproj", "{3992CD71-AAC5-49B3-8DB8-1C0BFAA6EE0A}"
EndProject
Project("{FAE04EC0-301F-11D3-BF4B-00C04F79EFBC}") = "Projeto04_Subclasse", "Projeto04_Subclasse\Projeto04_Subclasse.csproj", "{5AC661AE-7539-4905-B918-C57B964AB4B9}"
EndProject
Project("{FAE04EC0-301F-11D3-BF4B-00C04F79EFBC}") = "Projeto05_Restricoes", "Projeto05_Restricoes\Projeto05_Restricoes.csproj", "{AB5D6FB8-B084-40EC-922A-32D79DCCD256}"
EndProject
Project("{FAE04EC0-301F-11D3-BF4B-00C04F79EFBC}") = "Projeto06_Exercicio", "Projeto06_Exercicio\Projeto06_Exercicio.csproj", "{3F6F4A3D-BBBB-4544-9208-77ADEB71EF30}"
EndProject
Global
	GlobalSection(SolutionConfigurationPlatforms) = preSolution
		Debug|Any CPU = Debug|Any CPU
		Release|Any CPU = Release|Any CPU
	EndGlobalSection
	GlobalSection(ProjectConfigurationPlatforms) = postSolution
		{68C7C994-BC32-4A2C-87EA-D4BFEF138B8D}.Debug|Any CPU.ActiveCfg = Debug|Any CPU
		{68C7C994-BC32-4A2C-87EA-D4BFEF138B8D}.Debug|Any CPU.Build.0 = Debug|Any CPU
		{68C7C994-BC32-4A2C-87EA-D4BFEF138B8D}.Release|Any CPU.ActiveCfg = Release|Any CPU
		{68C7C994-BC32-4A2C-87EA-D4BFEF138B8D}.Release|Any CPU.Build.0 = Release|Any CPU
		{76D6F227-A855-4080-9381-E0A4DFA1F842}.Debug|Any CPU.ActiveCfg = Debug|Any CPU
		{76D6F227-A855-4080-9381-E0A4DFA1F842}.Debug|Any CPU.Build.0 = Debug|Any CPU
		{76D6F227-A855-4080-9381-E0A4DFA1F842}.Release|Any CPU.ActiveCfg = Release|Any CPU
		{76D6F227-A855-4080-9381-E0A4DFA1F842}.Release|Any CPU.Build.0 = Release|Any CPU
		{3992CD71-AAC5-49B3-8DB8-1C0BFAA6EE0A}.Debug|Any CPU.ActiveCfg = Debug|Any CPU
		{3992CD71-AAC5-49B3-8DB8-1C0BFAA6EE0A}.Debug|Any CPU.Build.0 = Debug|Any CPU
		{3992CD71-AAC5-49B3-8DB8-1C0BFAA6EE0A}.Release|Any CPU.ActiveCfg = Release|Any CPU
		{3992CD71-AAC5-49B3-8DB8-1C0BFAA6EE0A}.Release|Any CPU.Build.0 = Release|Any CPU
		{5AC661AE-7539-4905-B918-C57B964AB4B9}.Debug|Any CPU.ActiveCfg = Debug|Any CPU
		{5AC661AE-7539-4905-B918-C57B964AB4B9}.Debug|Any CPU.Build.0 = Debug|Any CPU
		{5AC661AE-7539-4905-B918-C57B964AB4B9}.Release|Any CPU.ActiveCfg = Release|Any CPU
		{5AC661AE-7539-4905-B918-C57B964AB4B9}.Release|Any CPU.Build.0 = Release|Any CPU
		{AB5D6FB8-B084-40EC-922A-32D79DCCD256}.Debug|Any CPU.ActiveCfg = Debug|Any CPU
		{AB5D6FB8-B084-40EC-922A-32D79DCCD256}.Debug|Any CPU.Build.0 = Debug|Any CPU
		{AB5D6FB8-B084-40EC-922A-32D79DCCD256}.Release|Any CPU.ActiveCfg = Release|Any CPU
		{AB5D6FB8-B084-40EC-922A-32D79DCCD256}.Release|Any CPU.Build.0 = Release|Any CPU
		{3F6F4A3D-BBBB-4544-9208-77ADEB71EF30}.Debug|Any CPU.ActiveCfg = Debug|Any CPU
		{3F6F4A3D-BBBB-4544-9208-77ADEB71EF30}.Debug|Any CPU.Build.0 = Debug|Any CPU
		{3F6F4A3D-BBBB-4544-9208-77ADEB71EF30}.Release|Any CPU.ActiveCfg = Release|Any CPU
		{3F6F4A3D-BBBB-4544-9208-77ADEB71EF30}.Release|Any CPU.Build.0 = Release|Any CPU
	EndGlobalSection
	GlobalSection(SolutionProperties) = preSolution
		HideSolutionNode = FALSE
	EndGlobalSection
	GlobalSection(ExtensibilityGlobals) = postSolution
		SolutionGuid = {9251AA17-B16A-4218-BBBE-E95587585CEB}
	EndGlobalSection
EndGlobal
